{
  "originHash" : "e6ba3e080a57bbc52f6142bb89a1c248a0f574bfdc7e56c321db56de4720aab5",
  "pins" : [
    {
      "identity" : "lista",
      "kind" : "remoteSourceControl",
      "location" : "https://github.com/ptsochantaris/lista",
      "state" : {
        "branch" : "main",
        "revision" : "56e6a46113f48e5db6b76997ec2c828f14df52d7"
      }
    }
  ],
  "version" : 3
}
