{
  "originHash" : "3fa6ab22d133d52139a2a8bfa8d49afaa737b06ca4ae1f7b1ada66dc9e79e049",
  "pins" : [
    {
      "identity" : "lista",
      "kind" : "remoteSourceControl",
      "location" : "https://github.com/ptsochantaris/lista",
      "state" : {
        "branch" : "main",
        "revision" : "297f7db11e74e445d9fbb86245a0a3a22c0e9476"
      }
    }
  ],
  "version" : 3
}
