{
  "originHash" : "3fa6ab22d133d52139a2a8bfa8d49afaa737b06ca4ae1f7b1ada66dc9e79e049",
  "pins" : [
    {
      "identity" : "lista",
      "kind" : "remoteSourceControl",
      "location" : "https://github.com/ptsochantaris/lista",
      "state" : {
        "branch" : "main",
        "revision" : "c11f05c3ba6c56c1eecb09663815408d3b11771a"
      }
    }
  ],
  "version" : 3
}
